
Microsoft Visual Studio Solution File, Format Version 12.00
# Visual Studio Version 17
VisualStudioVersion = 17.4.33122.133
MinimumVisualStudioVersion = 10.0.40219.1
Project("{FAE04EC0-301F-11D3-BF4B-00C04F79EFBC}") = "code", "code\code.csproj", "{4D7C4A9C-8EEA-4DA9-AF66-7E4471FB1541}"
EndProject
Global
	GlobalSection(SolutionConfigurationPlatforms) = preSolution
		Debug|Any CPU = Debug|Any CPU
		Release|Any CPU = Release|Any CPU
	EndGlobalSection
	GlobalSection(ProjectConfigurationPlatforms) = postSolution
		{4D7C4A9C-8EEA-4DA9-AF66-7E4471FB1541}.Debug|Any CPU.ActiveCfg = Debug|Any CPU
		{4D7C4A9C-8EEA-4DA9-AF66-7E4471FB1541}.Debug|Any CPU.Build.0 = Debug|Any CPU
		{4D7C4A9C-8EEA-4DA9-AF66-7E4471FB1541}.Release|Any CPU.ActiveCfg = Release|Any CPU
		{4D7C4A9C-8EEA-4DA9-AF66-7E4471FB1541}.Release|Any CPU.Build.0 = Release|Any CPU
	EndGlobalSection
	GlobalSection(SolutionProperties) = preSolution
		HideSolutionNode = FALSE
	EndGlobalSection
	GlobalSection(ExtensibilityGlobals) = postSolution
		SolutionGuid = {680E0C67-65A7-47DE-8CD1-BCF34CD22ADF}
	EndGlobalSection
EndGlobal
